
Microsoft Visual Studio Solution File, Format Version 12.00
# Visual Studio Version 17
VisualStudioVersion = 17.4.33403.182
MinimumVisualStudioVersion = 10.0.40219.1
Project("{FAE04EC0-301F-11D3-BF4B-00C04F79EFBC}") = "WebApiNetCore", "WebApiNetCore\WebApiNetCore.csproj", "{050B5478-1DCD-42F0-A8DC-F03860F49916}"
EndProject
Global
	GlobalSection(SolutionConfigurationPlatforms) = preSolution
		Debug|Any CPU = Debug|Any CPU
		Release|Any CPU = Release|Any CPU
	EndGlobalSection
	GlobalSection(ProjectConfigurationPlatforms) = postSolution
		{050B5478-1DCD-42F0-A8DC-F03860F49916}.Debug|Any CPU.ActiveCfg = Debug|Any CPU
		{050B5478-1DCD-42F0-A8DC-F03860F49916}.Debug|Any CPU.Build.0 = Debug|Any CPU
		{050B5478-1DCD-42F0-A8DC-F03860F49916}.Release|Any CPU.ActiveCfg = Release|Any CPU
		{050B5478-1DCD-42F0-A8DC-F03860F49916}.Release|Any CPU.Build.0 = Release|Any CPU
	EndGlobalSection
	GlobalSection(SolutionProperties) = preSolution
		HideSolutionNode = FALSE
	EndGlobalSection
	GlobalSection(ExtensibilityGlobals) = postSolution
		SolutionGuid = {1FBA3A36-1DC1-471E-87D6-7822B4A18312}
	EndGlobalSection
EndGlobal
